{
  "nodes": {
    "claude-skills-alireza": {
      "flake": false,
      "locked": {
        "lastModified": 1775262167,
        "narHash": "sha256-0Q+43Cfb2dIeFP6xXZLcj21MmnI1rjMW9H1h+7kRsMY=",
        "owner": "alirezarezvani",
        "repo": "claude-skills",
        "rev": "a96cc20bb5e0d47ff7fdcee967eebd561c99deb2",
        "type": "github"
      },
      "original": {
        "owner": "alirezarezvani",
        "repo": "claude-skills",
        "type": "github"
      }
    },
    "claude-skills-ccpm": {
      "flake": false,
      "locked": {
        "lastModified": 1773836122,
        "narHash": "sha256-Yodu4k9OYfVW1ajtsLKob+bkIuMM94mIeTyYd4n5HNc=",
        "owner": "automazeio",
        "repo": "ccpm",
        "rev": "7d7e4623bc6d4c0c9ba66ca6bfecd7e5261dc697",
        "type": "github"
      },
      "original": {
        "owner": "automazeio",
        "repo": "ccpm",
        "type": "github"
      }
    },
    "claude-skills-deanpeters": {
      "flake": false,
      "locked": {
        "lastModified": 1775088923,
        "narHash": "sha256-HLFcHru8jhMQTUY/kQyvcJjxXGHhsvJ1kTIpOsQpIUo=",
        "owner": "deanpeters",
        "repo": "Product-Manager-Skills",
        "rev": "4aa4196c14873b84f5af7316e7f66328cb6dee4c",
        "type": "github"
      },
      "original": {
        "owner": "deanpeters",
        "repo": "Product-Manager-Skills",
        "type": "github"
      }
    },
    "claude-skills-phuryn": {
      "flake": false,
      "locked": {
        "lastModified": 1773042641,
        "narHash": "sha256-DkzuTb/GUX48dv0bSq8HYPjGHJajwIwjj4I5RfoFHdc=",
        "owner": "phuryn",
        "repo": "pm-skills",
        "rev": "36ccefdc6c2e00d7c0c12cb0a52bf93e8ec50da4",
        "type": "github"
      },
      "original": {
        "owner": "phuryn",
        "repo": "pm-skills",
        "type": "github"
      }
    },
    "claude-skills-product-on-purpose": {
      "flake": false,
      "locked": {
        "lastModified": 1775461865,
        "narHash": "sha256-S4Bm2km09zr/xYW/y0TmFkpfLqtD1AWAm79pfYLF5k4=",
        "owner": "product-on-purpose",
        "repo": "pm-skills",
        "rev": "8a3947d61dba4a93f2fa4c3585f8132b904966d4",
        "type": "github"
      },
      "original": {
        "owner": "product-on-purpose",
        "repo": "pm-skills",
        "type": "github"
      }
    },
    "claude-skills-spillwave-jira": {
      "flake": false,
      "locked": {
        "lastModified": 1767025615,
        "narHash": "sha256-qX5eSve+PE9Zb47UUC+dOs/hIjxO159foZAwEfq4byU=",
        "owner": "SpillwaveSolutions",
        "repo": "jira",
        "rev": "54bbda7550307968f4d3fd14382c4d44fa18d4cf",
        "type": "github"
      },
      "original": {
        "owner": "SpillwaveSolutions",
        "repo": "jira",
        "type": "github"
      }
    },
    "home-manager": {
      "inputs": {
        "nixpkgs": [
          "nixpkgs"
        ]
      },
      "locked": {
        "lastModified": 1759261733,
        "narHash": "sha256-G104PUPKBgJmcu4NWs0LUaPpSOTD4jiq4mamLWu3Oc0=",
        "owner": "nix-community",
        "repo": "home-manager",
        "rev": "5a21f4819ee1be645f46d6b255d49f4271ef6723",
        "type": "github"
      },
      "original": {
        "owner": "nix-community",
        "repo": "home-manager",
        "type": "github"
      }
    },
    "nix-darwin": {
      "inputs": {
        "nixpkgs": [
          "nixpkgs"
        ]
      },
      "locked": {
        "lastModified": 1758805352,
        "narHash": "sha256-BHdc43Lkayd+72W/NXRKHzX5AZ+28F3xaUs3a88/Uew=",
        "owner": "LnL7",
        "repo": "nix-darwin",
        "rev": "c48e963a5558eb1c3827d59d21c5193622a1477c",
        "type": "github"
      },
      "original": {
        "owner": "LnL7",
        "repo": "nix-darwin",
        "type": "github"
      }
    },
    "nixpkgs": {
      "locked": {
        "lastModified": 1759070547,
        "narHash": "sha256-JVZl8NaVRYb0+381nl7LvPE+A774/dRpif01FKLrYFQ=",
        "owner": "NixOS",
        "repo": "nixpkgs",
        "rev": "647e5c14cbd5067f44ac86b74f014962df460840",
        "type": "github"
      },
      "original": {
        "owner": "NixOS",
        "ref": "nixpkgs-unstable",
        "repo": "nixpkgs",
        "type": "github"
      }
    },
    "root": {
      "inputs": {
        "claude-skills-alireza": "claude-skills-alireza",
        "claude-skills-ccpm": "claude-skills-ccpm",
        "claude-skills-deanpeters": "claude-skills-deanpeters",
        "claude-skills-phuryn": "claude-skills-phuryn",
        "claude-skills-product-on-purpose": "claude-skills-product-on-purpose",
        "claude-skills-spillwave-jira": "claude-skills-spillwave-jira",
        "home-manager": "home-manager",
        "nix-darwin": "nix-darwin",
        "nixpkgs": "nixpkgs"
      }
    }
  },
  "root": "root",
  "version": 7
}
