{
  "nodes": {
    "claude-skills-alireza": {
      "flake": false,
      "locked": {
        "lastModified": 1775556996,
        "narHash": "sha256-qIL1T5lpG2PC5YhKFsU8ILFLykAKWY9M4qahcD9UTPU=",
        "owner": "alirezarezvani",
        "repo": "claude-skills",
        "rev": "43295c15b55fbfc74773d7f4ba32abd1c860624c",
        "type": "github"
      },
      "original": {
        "owner": "alirezarezvani",
        "repo": "claude-skills",
        "type": "github"
      }
    },
    "claude-skills-beautiful-prose": {
      "flake": false,
      "locked": {
        "lastModified": 1767130148,
        "narHash": "sha256-paT3oFBdurQIQQt+R30B5/XOUXeYwxf9qDHlym5SR5E=",
        "owner": "SHADOWPR0",
        "repo": "beautiful_prose",
        "rev": "bf44efb7f9706f8f563af3b6913a3784c7c52a12",
        "type": "github"
      },
      "original": {
        "owner": "SHADOWPR0",
        "repo": "beautiful_prose",
        "type": "github"
      }
    },
    "claude-skills-ccpm": {
      "flake": false,
      "locked": {
        "lastModified": 1773836122,
        "narHash": "sha256-Yodu4k9OYfVW1ajtsLKob+bkIuMM94mIeTyYd4n5HNc=",
        "owner": "automazeio",
        "repo": "ccpm",
        "rev": "7d7e4623bc6d4c0c9ba66ca6bfecd7e5261dc697",
        "type": "github"
      },
      "original": {
        "owner": "automazeio",
        "repo": "ccpm",
        "type": "github"
      }
    },
    "claude-skills-creative-writing": {
      "flake": false,
      "locked": {
        "lastModified": 1775825757,
        "narHash": "sha256-EEcNK+5Mt04XZwZ68gHC9HxJLBWbOm4unQgMF2xe62k=",
        "owner": "haowjy",
        "repo": "creative-writing-skills",
        "rev": "5e4003c32b2b3e1ec3902d4370491d8f109ba670",
        "type": "github"
      },
      "original": {
        "owner": "haowjy",
        "repo": "creative-writing-skills",
        "type": "github"
      }
    },
    "claude-skills-deanpeters": {
      "flake": false,
      "locked": {
        "lastModified": 1775088923,
        "narHash": "sha256-HLFcHru8jhMQTUY/kQyvcJjxXGHhsvJ1kTIpOsQpIUo=",
        "owner": "deanpeters",
        "repo": "Product-Manager-Skills",
        "rev": "4aa4196c14873b84f5af7316e7f66328cb6dee4c",
        "type": "github"
      },
      "original": {
        "owner": "deanpeters",
        "repo": "Product-Manager-Skills",
        "type": "github"
      }
    },
    "claude-skills-gsd": {
      "flake": false,
      "locked": {
        "lastModified": 1776893408,
        "narHash": "sha256-e2FqyuB7/3stLxbl18Ju1kT283et8BB0JfHAfa7Qfc0=",
        "owner": "gsd-build",
        "repo": "get-shit-done",
        "rev": "1f2850c1a848fad88fd9955d6c0a058d9fd75bb7",
        "type": "github"
      },
      "original": {
        "owner": "gsd-build",
        "repo": "get-shit-done",
        "type": "github"
      }
    },
    "claude-skills-humanizer": {
      "flake": false,
      "locked": {
        "lastModified": 1775020197,
        "narHash": "sha256-3yO13MKUK/zF36Sq+CACMM401BhtmYz5cZmC5FX4VQw=",
        "owner": "blader",
        "repo": "humanizer",
        "rev": "8b3a17889fbf12bedae20974a3c9f9de746ed754",
        "type": "github"
      },
      "original": {
        "owner": "blader",
        "repo": "humanizer",
        "type": "github"
      }
    },
    "claude-skills-obsidian": {
      "flake": false,
      "locked": {
        "lastModified": 1775150516,
        "narHash": "sha256-/D5HKtLvVdBh7g7zCFDQmInL7/q8koiR6HL0ARmTCoE=",
        "owner": "kepano",
        "repo": "obsidian-skills",
        "rev": "fa1e131a014576ff8f8919f191a7ca8d8fded39b",
        "type": "github"
      },
      "original": {
        "owner": "kepano",
        "repo": "obsidian-skills",
        "type": "github"
      }
    },
    "claude-skills-phuryn": {
      "flake": false,
      "locked": {
        "lastModified": 1773042641,
        "narHash": "sha256-DkzuTb/GUX48dv0bSq8HYPjGHJajwIwjj4I5RfoFHdc=",
        "owner": "phuryn",
        "repo": "pm-skills",
        "rev": "36ccefdc6c2e00d7c0c12cb0a52bf93e8ec50da4",
        "type": "github"
      },
      "original": {
        "owner": "phuryn",
        "repo": "pm-skills",
        "type": "github"
      }
    },
    "claude-skills-product-on-purpose": {
      "flake": false,
      "locked": {
        "lastModified": 1775573383,
        "narHash": "sha256-GpA46t0RIyUSrXkmCvpxcXQHWQzV4NPRyJKxKbf3wh8=",
        "owner": "product-on-purpose",
        "repo": "pm-skills",
        "rev": "4ac62cf40d114e47b4e2319e7f817ccf9cea4e2e",
        "type": "github"
      },
      "original": {
        "owner": "product-on-purpose",
        "repo": "pm-skills",
        "type": "github"
      }
    },
    "claude-skills-spillwave-jira": {
      "flake": false,
      "locked": {
        "lastModified": 1767025615,
        "narHash": "sha256-qX5eSve+PE9Zb47UUC+dOs/hIjxO159foZAwEfq4byU=",
        "owner": "SpillwaveSolutions",
        "repo": "jira",
        "rev": "54bbda7550307968f4d3fd14382c4d44fa18d4cf",
        "type": "github"
      },
      "original": {
        "owner": "SpillwaveSolutions",
        "repo": "jira",
        "type": "github"
      }
    },
    "home-manager": {
      "inputs": {
        "nixpkgs": [
          "nixpkgs"
        ]
      },
      "locked": {
        "lastModified": 1775556024,
        "narHash": "sha256-j1u/859OVS54rGlsvFqJdwKPEnFYCI+4pyfTiSfv1Xc=",
        "owner": "nix-community",
        "repo": "home-manager",
        "rev": "4bdfeff1d9b7473e6e58f73f5809576e8a69e406",
        "type": "github"
      },
      "original": {
        "owner": "nix-community",
        "repo": "home-manager",
        "type": "github"
      }
    },
    "nix-darwin": {
      "inputs": {
        "nixpkgs": [
          "nixpkgs"
        ]
      },
      "locked": {
        "lastModified": 1775037210,
        "narHash": "sha256-KM2WYj6EA7M/FVZVCl3rqWY+TFV5QzSyyGE2gQxeODU=",
        "owner": "LnL7",
        "repo": "nix-darwin",
        "rev": "06648f4902343228ce2de79f291dd5a58ee12146",
        "type": "github"
      },
      "original": {
        "owner": "LnL7",
        "repo": "nix-darwin",
        "type": "github"
      }
    },
    "nixpkgs": {
      "locked": {
        "lastModified": 1775549110,
        "narHash": "sha256-gCXSLBI1drlFwYlNqqPS9cFXvraaEGyLS8Sq45p7b/Q=",
        "owner": "NixOS",
        "repo": "nixpkgs",
        "rev": "a3db02183b5da6fbf728203492a5d1b9d109b7f9",
        "type": "github"
      },
      "original": {
        "owner": "NixOS",
        "ref": "nixpkgs-unstable",
        "repo": "nixpkgs",
        "type": "github"
      }
    },
    "nixpkgs_2": {
      "locked": {
        "lastModified": 1775126147,
        "narHash": "sha256-J0dZU4atgcfo4QvM9D92uQ0Oe1eLTxBVXjJzdEMQpD0=",
        "owner": "NixOS",
        "repo": "nixpkgs",
        "rev": "8d8c1fa5b412c223ffa47410867813290cdedfef",
        "type": "github"
      },
      "original": {
        "owner": "NixOS",
        "ref": "nixpkgs-unstable",
        "repo": "nixpkgs",
        "type": "github"
      }
    },
    "root": {
      "inputs": {
        "claude-skills-alireza": "claude-skills-alireza",
        "claude-skills-beautiful-prose": "claude-skills-beautiful-prose",
        "claude-skills-ccpm": "claude-skills-ccpm",
        "claude-skills-creative-writing": "claude-skills-creative-writing",
        "claude-skills-deanpeters": "claude-skills-deanpeters",
        "claude-skills-gsd": "claude-skills-gsd",
        "claude-skills-humanizer": "claude-skills-humanizer",
        "claude-skills-obsidian": "claude-skills-obsidian",
        "claude-skills-phuryn": "claude-skills-phuryn",
        "claude-skills-product-on-purpose": "claude-skills-product-on-purpose",
        "claude-skills-spillwave-jira": "claude-skills-spillwave-jira",
        "home-manager": "home-manager",
        "nix-darwin": "nix-darwin",
        "nixpkgs": "nixpkgs",
        "sops-nix": "sops-nix"
      }
    },
    "sops-nix": {
      "inputs": {
        "nixpkgs": "nixpkgs_2"
      },
      "locked": {
        "lastModified": 1775365543,
        "narHash": "sha256-f50qrK0WwZ9z5EdaMGWOTtALgSF7yb7XwuE7LjCuDmw=",
        "owner": "Mic92",
        "repo": "sops-nix",
        "rev": "a4ee2de76efb759fe8d4868c33dec9937897916f",
        "type": "github"
      },
      "original": {
        "owner": "Mic92",
        "repo": "sops-nix",
        "type": "github"
      }
    }
  },
  "root": "root",
  "version": 7
}
